
Microsoft Visual Studio Solution File, Format Version 12.00
# Visual Studio Version 17
VisualStudioVersion = 17.12.35527.113 d17.12
MinimumVisualStudioVersion = 10.0.40219.1
Project("{FAE04EC0-301F-11D3-BF4B-00C04F79EFBC}") = "ApplicantForm", "ApplicantForm\ApplicantForm.csproj", "{DBFAFD20-C5EC-42A5-B446-CAD3A45DEB53}"
EndProject
Project("{FAE04EC0-301F-11D3-BF4B-00C04F79EFBC}") = "ApplicantLibrary", "ApplicantLibrary\ApplicantLibrary.csproj", "{632B01EA-B133-4B92-8494-CBC7925CD982}"
EndProject
Global
	GlobalSection(SolutionConfigurationPlatforms) = preSolution
		Debug|Any CPU = Debug|Any CPU
		Release|Any CPU = Release|Any CPU
	EndGlobalSection
	GlobalSection(ProjectConfigurationPlatforms) = postSolution
		{DBFAFD20-C5EC-42A5-B446-CAD3A45DEB53}.Debug|Any CPU.ActiveCfg = Debug|Any CPU
		{DBFAFD20-C5EC-42A5-B446-CAD3A45DEB53}.Debug|Any CPU.Build.0 = Debug|Any CPU
		{DBFAFD20-C5EC-42A5-B446-CAD3A45DEB53}.Release|Any CPU.ActiveCfg = Release|Any CPU
		{DBFAFD20-C5EC-42A5-B446-CAD3A45DEB53}.Release|Any CPU.Build.0 = Release|Any CPU
		{632B01EA-B133-4B92-8494-CBC7925CD982}.Debug|Any CPU.ActiveCfg = Debug|Any CPU
		{632B01EA-B133-4B92-8494-CBC7925CD982}.Debug|Any CPU.Build.0 = Debug|Any CPU
		{632B01EA-B133-4B92-8494-CBC7925CD982}.Release|Any CPU.ActiveCfg = Release|Any CPU
		{632B01EA-B133-4B92-8494-CBC7925CD982}.Release|Any CPU.Build.0 = Release|Any CPU
	EndGlobalSection
	GlobalSection(SolutionProperties) = preSolution
		HideSolutionNode = FALSE
	EndGlobalSection
EndGlobal
